
Microsoft Visual Studio Solution File, Format Version 12.00
# Visual Studio Version 16
VisualStudioVersion = 16.0.31112.23
MinimumVisualStudioVersion = 10.0.40219.1
Project("{9A19103F-16F7-4668-BE54-9A1E7A4F7556}") = "DET", "DET\DET.csproj", "{B74E5D01-22F8-4CF6-B37A-2FB9F70C29E4}"
EndProject
Project("{FAE04EC0-301F-11D3-BF4B-00C04F79EFBC}") = "DET.Tests", "DET.Tests\DET.Tests.csproj", "{159FB407-0702-4004-AD15-7B8636B22427}"
EndProject
Global
	GlobalSection(SolutionConfigurationPlatforms) = preSolution
		Debug|Any CPU = Debug|Any CPU
		Release|Any CPU = Release|Any CPU
	EndGlobalSection
	GlobalSection(ProjectConfigurationPlatforms) = postSolution
		{B74E5D01-22F8-4CF6-B37A-2FB9F70C29E4}.Debug|Any CPU.ActiveCfg = Debug|Any CPU
		{B74E5D01-22F8-4CF6-B37A-2FB9F70C29E4}.Debug|Any CPU.Build.0 = Debug|Any CPU
		{B74E5D01-22F8-4CF6-B37A-2FB9F70C29E4}.Release|Any CPU.ActiveCfg = Release|Any CPU
		{B74E5D01-22F8-4CF6-B37A-2FB9F70C29E4}.Release|Any CPU.Build.0 = Release|Any CPU
		{159FB407-0702-4004-AD15-7B8636B22427}.Debug|Any CPU.ActiveCfg = Debug|Any CPU
		{159FB407-0702-4004-AD15-7B8636B22427}.Debug|Any CPU.Build.0 = Debug|Any CPU
		{159FB407-0702-4004-AD15-7B8636B22427}.Release|Any CPU.ActiveCfg = Release|Any CPU
		{159FB407-0702-4004-AD15-7B8636B22427}.Release|Any CPU.Build.0 = Release|Any CPU
	EndGlobalSection
	GlobalSection(SolutionProperties) = preSolution
		HideSolutionNode = FALSE
	EndGlobalSection
	GlobalSection(ExtensibilityGlobals) = postSolution
		SolutionGuid = {4365BD88-FE62-4692-B77B-901F1233D823}
	EndGlobalSection
EndGlobal
